
Microsoft Visual Studio Solution File, Format Version 12.00
# Visual Studio Version 17
VisualStudioVersion = 17.5.33424.131
MinimumVisualStudioVersion = 10.0.40219.1
Project("{9A19103F-16F7-4668-BE54-9A1E7A4F7556}") = "DeepNotes", "DeepNotes.csproj", "{BA8014E6-426F-42D8-9E27-73E8080F67D9}"
EndProject
Project("{2150E333-8FDC-42A3-9474-1A3956D46DE8}") = "Solution Items", "Solution Items", "{14FCAE2F-E0F0-4FED-B5ED-BC42F98389D6}"
	ProjectSection(SolutionItems) = preProject
		.editorconfig = .editorconfig
	EndProjectSection
EndProject
Project("{FAE04EC0-301F-11D3-BF4B-00C04F79EFBC}") = "Updater", "Updater\Updater.csproj", "{CEA2073B-3E23-4779-8519-7E000D70273B}"
EndProject
Global
	GlobalSection(SolutionConfigurationPlatforms) = preSolution
		Debug|Any CPU = Debug|Any CPU
		Release|Any CPU = Release|Any CPU
	EndGlobalSection
	GlobalSection(ProjectConfigurationPlatforms) = postSolution
		{BA8014E6-426F-42D8-9E27-73E8080F67D9}.Debug|Any CPU.ActiveCfg = Debug|Any CPU
		{BA8014E6-426F-42D8-9E27-73E8080F67D9}.Debug|Any CPU.Build.0 = Debug|Any CPU
		{BA8014E6-426F-42D8-9E27-73E8080F67D9}.Release|Any CPU.ActiveCfg = Release|Any CPU
		{BA8014E6-426F-42D8-9E27-73E8080F67D9}.Release|Any CPU.Build.0 = Release|Any CPU
		{CEA2073B-3E23-4779-8519-7E000D70273B}.Debug|Any CPU.ActiveCfg = Debug|Any CPU
		{CEA2073B-3E23-4779-8519-7E000D70273B}.Debug|Any CPU.Build.0 = Debug|Any CPU
		{CEA2073B-3E23-4779-8519-7E000D70273B}.Release|Any CPU.ActiveCfg = Release|Any CPU
		{CEA2073B-3E23-4779-8519-7E000D70273B}.Release|Any CPU.Build.0 = Release|Any CPU
	EndGlobalSection
	GlobalSection(SolutionProperties) = preSolution
		HideSolutionNode = FALSE
	EndGlobalSection
	GlobalSection(ExtensibilityGlobals) = postSolution
		SolutionGuid = {9F80A815-5D1E-4D56-9E4B-BBEBDDB5D837}
	EndGlobalSection
EndGlobal
